
Microsoft Visual Studio Solution File, Format Version 12.00
# Visual Studio Version 17
VisualStudioVersion = 17.5.33414.496
MinimumVisualStudioVersion = 10.0.40219.1
Project("{FAE04EC0-301F-11D3-BF4B-00C04F79EFBC}") = "ClassPartial", "ClassPartial\ClassPartial.csproj", "{9366AF01-3D90-48C4-9959-7F811875EEEB}"
EndProject
Global
	GlobalSection(SolutionConfigurationPlatforms) = preSolution
		Debug|Any CPU = Debug|Any CPU
		Release|Any CPU = Release|Any CPU
	EndGlobalSection
	GlobalSection(ProjectConfigurationPlatforms) = postSolution
		{9366AF01-3D90-48C4-9959-7F811875EEEB}.Debug|Any CPU.ActiveCfg = Debug|Any CPU
		{9366AF01-3D90-48C4-9959-7F811875EEEB}.Debug|Any CPU.Build.0 = Debug|Any CPU
		{9366AF01-3D90-48C4-9959-7F811875EEEB}.Release|Any CPU.ActiveCfg = Release|Any CPU
		{9366AF01-3D90-48C4-9959-7F811875EEEB}.Release|Any CPU.Build.0 = Release|Any CPU
	EndGlobalSection
	GlobalSection(SolutionProperties) = preSolution
		HideSolutionNode = FALSE
	EndGlobalSection
	GlobalSection(ExtensibilityGlobals) = postSolution
		SolutionGuid = {872B84AF-23B9-49DB-8F99-5DA68D647F92}
	EndGlobalSection
EndGlobal
